
Microsoft Visual Studio Solution File, Format Version 12.00
# Visual Studio Version 16
VisualStudioVersion = 16.0.31624.102
MinimumVisualStudioVersion = 10.0.40219.1
Project("{FAE04EC0-301F-11D3-BF4B-00C04F79EFBC}") = "IQSoliterSolver", "IQSoliterSolver\IQSoliterSolver.csproj", "{DA69BE82-0CC0-4CCA-85D8-B3D0C2AB94F1}"
EndProject
Global
	GlobalSection(SolutionConfigurationPlatforms) = preSolution
		Debug|Any CPU = Debug|Any CPU
		Release|Any CPU = Release|Any CPU
	EndGlobalSection
	GlobalSection(ProjectConfigurationPlatforms) = postSolution
		{DA69BE82-0CC0-4CCA-85D8-B3D0C2AB94F1}.Debug|Any CPU.ActiveCfg = Debug|Any CPU
		{DA69BE82-0CC0-4CCA-85D8-B3D0C2AB94F1}.Debug|Any CPU.Build.0 = Debug|Any CPU
		{DA69BE82-0CC0-4CCA-85D8-B3D0C2AB94F1}.Release|Any CPU.ActiveCfg = Release|Any CPU
		{DA69BE82-0CC0-4CCA-85D8-B3D0C2AB94F1}.Release|Any CPU.Build.0 = Release|Any CPU
	EndGlobalSection
	GlobalSection(SolutionProperties) = preSolution
		HideSolutionNode = FALSE
	EndGlobalSection
	GlobalSection(ExtensibilityGlobals) = postSolution
		SolutionGuid = {D6D71EFF-4C3C-47EC-BAC5-4107BCF5B589}
	EndGlobalSection
EndGlobal
